Microsoft Visual Studio Solution File, Format Version 12.00
# Visual Studio Version 17
VisualStudioVersion = 17.5.2.0
MinimumVisualStudioVersion = 10.0.40219.1
Project("{FAE04EC0-301F-11D3-BF4B-00C04F79EFBC}") = "Pregame", "Pregame\Pregame.csproj", "{C496E8FC-8D71-7D7E-DEE6-B376D73E8BA1}"
EndProject
Global
	GlobalSection(SolutionConfigurationPlatforms) = preSolution
		Debug|Any CPU = Debug|Any CPU
		Release|Any CPU = Release|Any CPU
	EndGlobalSection
	GlobalSection(ProjectConfigurationPlatforms) = postSolution
		{C496E8FC-8D71-7D7E-DEE6-B376D73E8BA1}.Debug|Any CPU.ActiveCfg = Debug|Any CPU
		{C496E8FC-8D71-7D7E-DEE6-B376D73E8BA1}.Debug|Any CPU.Build.0 = Debug|Any CPU
		{C496E8FC-8D71-7D7E-DEE6-B376D73E8BA1}.Release|Any CPU.ActiveCfg = Release|Any CPU
		{C496E8FC-8D71-7D7E-DEE6-B376D73E8BA1}.Release|Any CPU.Build.0 = Release|Any CPU
	EndGlobalSection
	GlobalSection(SolutionProperties) = preSolution
		HideSolutionNode = FALSE
	EndGlobalSection
	GlobalSection(ExtensibilityGlobals) = postSolution
		SolutionGuid = {37B036C6-693C-4834-BDAD-04E1CFFBF9D6}
	EndGlobalSection
EndGlobal
