
Microsoft Visual Studio Solution File, Format Version 12.00
# Visual Studio Version 16
VisualStudioVersion = 16.0.29118.114
MinimumVisualStudioVersion = 10.0.40219.1
Project("{9A19103F-16F7-4668-BE54-9A1E7A4F7556}") = "GameControl.Server", "GameControl.Server.csproj", "{D7EEF32A-D590-488A-98FA-6244134EE861}"
EndProject
Global
	GlobalSection(SolutionConfigurationPlatforms) = preSolution
		Debug|Any CPU = Debug|Any CPU
		Release|Any CPU = Release|Any CPU
	EndGlobalSection
	GlobalSection(ProjectConfigurationPlatforms) = postSolution
		{D7EEF32A-D590-488A-98FA-6244134EE861}.Debug|Any CPU.ActiveCfg = Debug|Any CPU
		{D7EEF32A-D590-488A-98FA-6244134EE861}.Debug|Any CPU.Build.0 = Debug|Any CPU
		{D7EEF32A-D590-488A-98FA-6244134EE861}.Release|Any CPU.ActiveCfg = Release|Any CPU
		{D7EEF32A-D590-488A-98FA-6244134EE861}.Release|Any CPU.Build.0 = Release|Any CPU
	EndGlobalSection
	GlobalSection(SolutionProperties) = preSolution
		HideSolutionNode = FALSE
	EndGlobalSection
	GlobalSection(ExtensibilityGlobals) = postSolution
		        SolutionGuid = {AA6AB6B5-7719-4C5F-901D-E7CE9866D6F0}
		SolutionGuid = {26DBE728-57D1-4181-9EBA-720CA576950A}
	EndGlobalSection
EndGlobal
